
Microsoft Visual Studio Solution File, Format Version 12.00
# Visual Studio Version 17
VisualStudioVersion = 17.4.33110.190
MinimumVisualStudioVersion = 10.0.40219.1
Project("{FAE04EC0-301F-11D3-BF4B-00C04F79EFBC}") = "cmd", "cmd\cmd.csproj", "{5D5839B1-4CD1-49DD-BF92-5D58B524B766}"
EndProject
Project("{FAE04EC0-301F-11D3-BF4B-00C04F79EFBC}") = "PilhaCmd", "PilhaCmd\PilhaCmd.csproj", "{374998C3-C4DF-4496-9823-D65BF8160D85}"
EndProject
Project("{FAE04EC0-301F-11D3-BF4B-00C04F79EFBC}") = "ParCmd", "ParCmd\ParCmd.csproj", "{EF407781-8F00-483E-8E68-5B74D8F404D6}"
EndProject
Global
	GlobalSection(SolutionConfigurationPlatforms) = preSolution
		Debug|Any CPU = Debug|Any CPU
		Release|Any CPU = Release|Any CPU
	EndGlobalSection
	GlobalSection(ProjectConfigurationPlatforms) = postSolution
		{5D5839B1-4CD1-49DD-BF92-5D58B524B766}.Debug|Any CPU.ActiveCfg = Debug|Any CPU
		{5D5839B1-4CD1-49DD-BF92-5D58B524B766}.Debug|Any CPU.Build.0 = Debug|Any CPU
		{5D5839B1-4CD1-49DD-BF92-5D58B524B766}.Release|Any CPU.ActiveCfg = Release|Any CPU
		{5D5839B1-4CD1-49DD-BF92-5D58B524B766}.Release|Any CPU.Build.0 = Release|Any CPU
		{374998C3-C4DF-4496-9823-D65BF8160D85}.Debug|Any CPU.ActiveCfg = Debug|Any CPU
		{374998C3-C4DF-4496-9823-D65BF8160D85}.Debug|Any CPU.Build.0 = Debug|Any CPU
		{374998C3-C4DF-4496-9823-D65BF8160D85}.Release|Any CPU.ActiveCfg = Release|Any CPU
		{374998C3-C4DF-4496-9823-D65BF8160D85}.Release|Any CPU.Build.0 = Release|Any CPU
		{EF407781-8F00-483E-8E68-5B74D8F404D6}.Debug|Any CPU.ActiveCfg = Debug|Any CPU
		{EF407781-8F00-483E-8E68-5B74D8F404D6}.Debug|Any CPU.Build.0 = Debug|Any CPU
		{EF407781-8F00-483E-8E68-5B74D8F404D6}.Release|Any CPU.ActiveCfg = Release|Any CPU
		{EF407781-8F00-483E-8E68-5B74D8F404D6}.Release|Any CPU.Build.0 = Release|Any CPU
	EndGlobalSection
	GlobalSection(SolutionProperties) = preSolution
		HideSolutionNode = FALSE
	EndGlobalSection
	GlobalSection(ExtensibilityGlobals) = postSolution
		SolutionGuid = {066A33E9-4368-4751-8472-BC20DD18AD44}
	EndGlobalSection
EndGlobal
